// !$*UTF8*$!
{
	archiveVersion = 1;
	classes = {
	};
	objectVersion = 50;
	objects = {

/* Begin PBXBuildFile section */
		F2BCDDDE25ACAEBC0026D83D /* AppDelegate.swift in Sources */ = {isa = PBXBuildFile; fileRef = F2BCDDDD25ACAEBC0026D83D /* AppDelegate.swift */; };
		F2BCDDE025ACAEBC0026D83D /* SceneDelegate.swift in Sources */ = {isa = PBXBuildFile; fileRef = F2BCDDDF25ACAEBC0026D83D /* SceneDelegate.swift */; };
		F2BCDDE225ACAEBC0026D83D /* ViewController.swift in Sources */ = {isa = PBXBuildFile; fileRef = F2BCDDE125ACAEBC0026D83D /* ViewController.swift */; };
		F2BCDDE525ACAEBC0026D83D /* Main.storyboard in Resources */ = {isa = PBXBuildFile; fileRef = F2BCDDE325ACAEBC0026D83D /* Main.storyboard */; };
		F2BCDDE725ACAEC00026D83D /* Assets.xcassets in Resources */ = {isa = PBXBuildFile; fileRef = F2BCDDE625ACAEC00026D83D /* Assets.xcassets */; };
		F2BCDDEA25ACAEC00026D83D /* LaunchScreen.storyboard in Resources */ = {isa = PBXBuildFile; fileRef = F2BCDDE825ACAEC00026D83D /* LaunchScreen.storyboard */; };
		F2BCDDF525ACAEC00026D83D /* Foto_AluraTests.swift in Sources */ = {isa = PBXBuildFile; fileRef = F2BCDDF425ACAEC00026D83D /* Foto_AluraTests.swift */; };
		F2BCDE0025ACAEC10026D83D /* Foto_AluraUITests.swift in Sources */ = {isa = PBXBuildFile; fileRef = F2BCDDFF25ACAEC10026D83D /* Foto_AluraUITests.swift */; };
		F2BCDE1D25ACB2360026D83D /* ImagePicker.swift in Sources */ = {isa = PBXBuildFile; fileRef = F2BCDE1C25ACB2360026D83D /* ImagePicker.swift */; };
/* End PBXBuildFile section */

/* Begin PBXContainerItemProxy section */
		F2BCDDF125ACAEC00026D83D /* PBXContainerItemProxy */ = {
			isa = PBXContainerItemProxy;
			containerPortal = F2BCDDD225ACAEBC0026D83D /* Project object */;
			proxyType = 1;
			remoteGlobalIDString = F2BCDDD925ACAEBC0026D83D;
			remoteInfo = Foto_Alura;
		};
		F2BCDDFC25ACAEC00026D83D /* PBXContainerItemProxy */ = {
			isa = PBXContainerItemProxy;
			containerPortal = F2BCDDD225ACAEBC0026D83D /* Project object */;
			proxyType = 1;
			remoteGlobalIDString = F2BCDDD925ACAEBC0026D83D;
			remoteInfo = Foto_Alura;
		};
/* End PBXContainerItemProxy section */

/* Begin PBXFileReference section */
		F2BCDDDA25ACAEBC0026D83D /* Foto_Alura.app */ = {isa = PBXFileReference; explicitFileType = wrapper.application; includeInIndex = 0; path = Foto_Alura.app; sourceTree = BUILT_PRODUCTS_DIR; };
		F2BCDDDD25ACAEBC0026D83D /* AppDelegate.swift */ = {isa = PBXFileReference; lastKnownFileType = sourcecode.swift; path = AppDelegate.swift; sourceTree = "<group>"; };
		F2BCDDDF25ACAEBC0026D83D /* SceneDelegate.swift */ = {isa = PBXFileReference; lastKnownFileType = sourcecode.swift; path = SceneDelegate.swift; sourceTree = "<group>"; };
		F2BCDDE125ACAEBC0026D83D /* ViewController.swift */ = {isa = PBXFileReference; lastKnownFileType = sourcecode.swift; path = ViewController.swift; sourceTree = "<group>"; };
		F2BCDDE425ACAEBC0026D83D /* Base */ = {isa = PBXFileReference; lastKnownFileType = file.storyboard; name = Base; path = Base.lproj/Main.storyboard; sourceTree = "<group>"; };
		F2BCDDE625ACAEC00026D83D /* Assets.xcassets */ = {isa = PBXFileReference; lastKnownFileType = folder.assetcatalog; path = Assets.xcassets; sourceTree = "<group>"; };
		F2BCDDE925ACAEC00026D83D /* Base */ = {isa = PBXFileReference; lastKnownFileType = file.storyboard; name = Base; path = Base.lproj/LaunchScreen.storyboard; sourceTree = "<group>"; };
		F2BCDDEB25ACAEC00026D83D /* Info.plist */ = {isa = PBXFileReference; lastKnownFileType = text.plist.xml; path = Info.plist; sourceTree = "<group>"; };
		F2BCDDF025ACAEC00026D83D /* Foto_AluraTests.xctest */ = {isa = PBXFileReference; explicitFileType = wrapper.cfbundle; includeInIndex = 0; path = Foto_AluraTests.xctest; sourceTree = BUILT_PRODUCTS_DIR; };
		F2BCDDF425ACAEC00026D83D /* Foto_AluraTests.swift */ = {isa = PBXFileReference; lastKnownFileType = sourcecode.swift; path = Foto_AluraTests.swift; sourceTree = "<group>"; };
		F2BCDDF625ACAEC00026D83D /* Info.plist */ = {isa = PBXFileReference; lastKnownFileType = text.plist.xml; path = Info.plist; sourceTree = "<group>"; };
		F2BCDDFB25ACAEC00026D83D /* Foto_AluraUITests.xctest */ = {isa = PBXFileReference; explicitFileType = wrapper.cfbundle; includeInIndex = 0; path = Foto_AluraUITests.xctest; sourceTree = BUILT_PRODUCTS_DIR; };
		F2BCDDFF25ACAEC10026D83D /* Foto_AluraUITests.swift */ = {isa = PBXFileReference; lastKnownFileType = sourcecode.swift; path = Foto_AluraUITests.swift; sourceTree = "<group>"; };
		F2BCDE0125ACAEC10026D83D /* Info.plist */ = {isa = PBXFileReference; lastKnownFileType = text.plist.xml; path = Info.plist; sourceTree = "<group>"; };
		F2BCDE1C25ACB2360026D83D /* ImagePicker.swift */ = {isa = PBXFileReference; lastKnownFileType = sourcecode.swift; path = ImagePicker.swift; sourceTree = "<group>"; };
/* End PBXFileReference section */

/* Begin PBXFrameworksBuildPhase section */
		F2BCDDD725ACAEBC0026D83D /* Frameworks */ = {
			isa = PBXFrameworksBuildPhase;
			buildActionMask = 2147483647;
			files = (
			);
			runOnlyForDeploymentPostprocessing = 0;
		};
		F2BCDDED25ACAEC00026D83D /* Frameworks */ = {
			isa = PBXFrameworksBuildPhase;
			buildActionMask = 2147483647;
			files = (
			);
			runOnlyForDeploymentPostprocessing = 0;
		};
		F2BCDDF825ACAEC00026D83D /* Frameworks */ = {
			isa = PBXFrameworksBuildPhase;
			buildActionMask = 2147483647;
			files = (
			);
			runOnlyForDeploymentPostprocessing = 0;
		};
/* End PBXFrameworksBuildPhase section */

/* Begin PBXGroup section */
		F2BCDDD125ACAEBC0026D83D = {
			isa = PBXGroup;
			children = (
				F2BCDDDC25ACAEBC0026D83D /* Foto_Alura */,
				F2BCDDF325ACAEC00026D83D /* Foto_AluraTests */,
				F2BCDDFE25ACAEC00026D83D /* Foto_AluraUITests */,
				F2BCDDDB25ACAEBC0026D83D /* Products */,
			);
			sourceTree = "<group>";
		};
		F2BCDDDB25ACAEBC0026D83D /* Products */ = {
			isa = PBXGroup;
			children = (
				F2BCDDDA25ACAEBC0026D83D /* Foto_Alura.app */,
				F2BCDDF025ACAEC00026D83D /* Foto_AluraTests.xctest */,
				F2BCDDFB25ACAEC00026D83D /* Foto_AluraUITests.xctest */,
			);
			name = Products;
			sourceTree = "<group>";
		};
		F2BCDDDC25ACAEBC0026D83D /* Foto_Alura */ = {
			isa = PBXGroup;
			children = (
				F2BCDE1025ACB1D70026D83D /* Componentes */,
				F2BCDDDD25ACAEBC0026D83D /* AppDelegate.swift */,
				F2BCDDDF25ACAEBC0026D83D /* SceneDelegate.swift */,
				F2BCDDE125ACAEBC0026D83D /* ViewController.swift */,
				F2BCDDE325ACAEBC0026D83D /* Main.storyboard */,
				F2BCDDE625ACAEC00026D83D /* Assets.xcassets */,
				F2BCDDE825ACAEC00026D83D /* LaunchScreen.storyboard */,
				F2BCDDEB25ACAEC00026D83D /* Info.plist */,
			);
			path = Foto_Alura;
			sourceTree = "<group>";
		};
		F2BCDDF325ACAEC00026D83D /* Foto_AluraTests */ = {
			isa = PBXGroup;
			children = (
				F2BCDDF425ACAEC00026D83D /* Foto_AluraTests.swift */,
				F2BCDDF625ACAEC00026D83D /* Info.plist */,
			);
			path = Foto_AluraTests;
			sourceTree = "<group>";
		};
		F2BCDDFE25ACAEC00026D83D /* Foto_AluraUITests */ = {
			isa = PBXGroup;
			children = (
				F2BCDDFF25ACAEC10026D83D /* Foto_AluraUITests.swift */,
				F2BCDE0125ACAEC10026D83D /* Info.plist */,
			);
			path = Foto_AluraUITests;
			sourceTree = "<group>";
		};
		F2BCDE1025ACB1D70026D83D /* Componentes */ = {
			isa = PBXGroup;
			children = (
				F2BCDE1C25ACB2360026D83D /* ImagePicker.swift */,
			);
			path = Componentes;
			sourceTree = "<group>";
		};
/* End PBXGroup section */

/* Begin PBXNativeTarget section */
		F2BCDDD925ACAEBC0026D83D /* Foto_Alura */ = {
			isa = PBXNativeTarget;
			buildConfigurationList = F2BCDE0425ACAEC10026D83D /* Build configuration list for PBXNativeTarget "Foto_Alura" */;
			buildPhases = (
				F2BCDDD625ACAEBC0026D83D /* Sources */,
				F2BCDDD725ACAEBC0026D83D /* Frameworks */,
				F2BCDDD825ACAEBC0026D83D /* Resources */,
			);
			buildRules = (
			);
			dependencies = (
			);
			name = Foto_Alura;
			productName = Foto_Alura;
			productReference = F2BCDDDA25ACAEBC0026D83D /* Foto_Alura.app */;
			productType = "com.apple.product-type.application";
		};
		F2BCDDEF25ACAEC00026D83D /* Foto_AluraTests */ = {
			isa = PBXNativeTarget;
			buildConfigurationList = F2BCDE0725ACAEC10026D83D /* Build configuration list for PBXNativeTarget "Foto_AluraTests" */;
			buildPhases = (
				F2BCDDEC25ACAEC00026D83D /* Sources */,
				F2BCDDED25ACAEC00026D83D /* Frameworks */,
				F2BCDDEE25ACAEC00026D83D /* Resources */,
			);
			buildRules = (
			);
			dependencies = (
				F2BCDDF225ACAEC00026D83D /* PBXTargetDependency */,
			);
			name = Foto_AluraTests;
			productName = Foto_AluraTests;
			productReference = F2BCDDF025ACAEC00026D83D /* Foto_AluraTests.xctest */;
			productType = "com.apple.product-type.bundle.unit-test";
		};
		F2BCDDFA25ACAEC00026D83D /* Foto_AluraUITests */ = {
			isa = PBXNativeTarget;
			buildConfigurationList = F2BCDE0A25ACAEC10026D83D /* Build configuration list for PBXNativeTarget "Foto_AluraUITests" */;
			buildPhases = (
				F2BCDDF725ACAEC00026D83D /* Sources */,
				F2BCDDF825ACAEC00026D83D /* Frameworks */,
				F2BCDDF925ACAEC00026D83D /* Resources */,
			);
			buildRules = (
			);
			dependencies = (
				F2BCDDFD25ACAEC00026D83D /* PBXTargetDependency */,
			);
			name = Foto_AluraUITests;
			productName = Foto_AluraUITests;
			productReference = F2BCDDFB25ACAEC00026D83D /* Foto_AluraUITests.xctest */;
			productType = "com.apple.product-type.bundle.ui-testing";
		};
/* End PBXNativeTarget section */

/* Begin PBXProject section */
		F2BCDDD225ACAEBC0026D83D /* Project object */ = {
			isa = PBXProject;
			attributes = {
				LastSwiftUpdateCheck = 1220;
				LastUpgradeCheck = 1220;
				TargetAttributes = {
					F2BCDDD925ACAEBC0026D83D = {
						CreatedOnToolsVersion = 12.2;
					};
					F2BCDDEF25ACAEC00026D83D = {
						CreatedOnToolsVersion = 12.2;
						TestTargetID = F2BCDDD925ACAEBC0026D83D;
					};
					F2BCDDFA25ACAEC00026D83D = {
						CreatedOnToolsVersion = 12.2;
						TestTargetID = F2BCDDD925ACAEBC0026D83D;
					};
				};
			};
			buildConfigurationList = F2BCDDD525ACAEBC0026D83D /* Build configuration list for PBXProject "Foto_Alura" */;
			compatibilityVersion = "Xcode 9.3";
			developmentRegion = en;
			hasScannedForEncodings = 0;
			knownRegions = (
				en,
				Base,
			);
			mainGroup = F2BCDDD125ACAEBC0026D83D;
			productRefGroup = F2BCDDDB25ACAEBC0026D83D /* Products */;
			projectDirPath = "";
			projectRoot = "";
			targets = (
				F2BCDDD925ACAEBC0026D83D /* Foto_Alura */,
				F2BCDDEF25ACAEC00026D83D /* Foto_AluraTests */,
				F2BCDDFA25ACAEC00026D83D /* Foto_AluraUITests */,
			);
		};
/* End PBXProject section */

/* Begin PBXResourcesBuildPhase section */
		F2BCDDD825ACAEBC0026D83D /* Resources */ = {
			isa = PBXResourcesBuildPhase;
			buildActionMask = 2147483647;
			files = (
				F2BCDDEA25ACAEC00026D83D /* LaunchScreen.storyboard in Resources */,
				F2BCDDE725ACAEC00026D83D /* Assets.xcassets in Resources */,
				F2BCDDE525ACAEBC0026D83D /* Main.storyboard in Resources */,
			);
			runOnlyForDeploymentPostprocessing = 0;
		};
		F2BCDDEE25ACAEC00026D83D /* Resources */ = {
			isa = PBXResourcesBuildPhase;
			buildActionMask = 2147483647;
			files = (
			);
			runOnlyForDeploymentPostprocessing = 0;
		};
		F2BCDDF925ACAEC00026D83D /* Resources */ = {
			isa = PBXResourcesBuildPhase;
			buildActionMask = 2147483647;
			files = (
			);
			runOnlyForDeploymentPostprocessing = 0;
		};
/* End PBXResourcesBuildPhase section */

/* Begin PBXSourcesBuildPhase section */
		F2BCDDD625ACAEBC0026D83D /* Sources */ = {
			isa = PBXSourcesBuildPhase;
			buildActionMask = 2147483647;
			files = (
				F2BCDDE225ACAEBC0026D83D /* ViewController.swift in Sources */,
				F2BCDE1D25ACB2360026D83D /* ImagePicker.swift in Sources */,
				F2BCDDDE25ACAEBC0026D83D /* AppDelegate.swift in Sources */,
				F2BCDDE025ACAEBC0026D83D /* SceneDelegate.swift in Sources */,
			);
			runOnlyForDeploymentPostprocessing = 0;
		};
		F2BCDDEC25ACAEC00026D83D /* Sources */ = {
			isa = PBXSourcesBuildPhase;
			buildActionMask = 2147483647;
			files = (
				F2BCDDF525ACAEC00026D83D /* Foto_AluraTests.swift in Sources */,
			);
			runOnlyForDeploymentPostprocessing = 0;
		};
		F2BCDDF725ACAEC00026D83D /* Sources */ = {
			isa = PBXSourcesBuildPhase;
			buildActionMask = 2147483647;
			files = (
				F2BCDE0025ACAEC10026D83D /* Foto_AluraUITests.swift in Sources */,
			);
			runOnlyForDeploymentPostprocessing = 0;
		};
/* End PBXSourcesBuildPhase section */

/* Begin PBXTargetDependency section */
		F2BCDDF225ACAEC00026D83D /* PBXTargetDependency */ = {
			isa = PBXTargetDependency;
			target = F2BCDDD925ACAEBC0026D83D /* Foto_Alura */;
			targetProxy = F2BCDDF125ACAEC00026D83D /* PBXContainerItemProxy */;
		};
		F2BCDDFD25ACAEC00026D83D /* PBXTargetDependency */ = {
			isa = PBXTargetDependency;
			target = F2BCDDD925ACAEBC0026D83D /* Foto_Alura */;
			targetProxy = F2BCDDFC25ACAEC00026D83D /* PBXContainerItemProxy */;
		};
/* End PBXTargetDependency section */

/* Begin PBXVariantGroup section */
		F2BCDDE325ACAEBC0026D83D /* Main.storyboard */ = {
			isa = PBXVariantGroup;
			children = (
				F2BCDDE425ACAEBC0026D83D /* Base */,
			);
			name = Main.storyboard;
			sourceTree = "<group>";
		};
		F2BCDDE825ACAEC00026D83D /* LaunchScreen.storyboard */ = {
			isa = PBXVariantGroup;
			children = (
				F2BCDDE925ACAEC00026D83D /* Base */,
			);
			name = LaunchScreen.storyboard;
			sourceTree = "<group>";
		};
/* End PBXVariantGroup section */

/* Begin XCBuildConfiguration section */
		F2BCDE0225ACAEC10026D83D /* Debug */ = {
			isa = XCBuildConfiguration;
			buildSettings = {
				ALWAYS_SEARCH_USER_PATHS = NO;
				CLANG_ANALYZER_NONNULL = YES;
				CLANG_ANALYZER_NUMBER_OBJECT_CONVERSION = YES_AGGRESSIVE;
				CLANG_CXX_LANGUAGE_STANDARD = "gnu++14";
				CLANG_CXX_LIBRARY = "libc++";
				CLANG_ENABLE_MODULES = YES;
				CLANG_ENABLE_OBJC_ARC = YES;
				CLANG_ENABLE_OBJC_WEAK = YES;
				CLANG_WARN_BLOCK_CAPTURE_AUTORELEASING = YES;
				CLANG_WARN_BOOL_CONVERSION = YES;
				CLANG_WARN_COMMA = YES;
				CLANG_WARN_CONSTANT_CONVERSION = YES;
				CLANG_WARN_DEPRECATED_OBJC_IMPLEMENTATIONS = YES;
				CLANG_WARN_DIRECT_OBJC_ISA_USAGE = YES_ERROR;
				CLANG_WARN_DOCUMENTATION_COMMENTS = YES;
				CLANG_WARN_EMPTY_BODY = YES;
				CLANG_WARN_ENUM_CONVERSION = YES;
				CLANG_WARN_INFINITE_RECURSION = YES;
				CLANG_WARN_INT_CONVERSION = YES;
				CLANG_WARN_NON_LITERAL_NULL_CONVERSION = YES;
				CLANG_WARN_OBJC_IMPLICIT_RETAIN_SELF = YES;
				CLANG_WARN_OBJC_LITERAL_CONVERSION = YES;
				CLANG_WARN_OBJC_ROOT_CLASS = YES_ERROR;
				CLANG_WARN_QUOTED_INCLUDE_IN_FRAMEWORK_HEADER = YES;
				CLANG_WARN_RANGE_LOOP_ANALYSIS = YES;
				CLANG_WARN_STRICT_PROTOTYPES = YES;
				CLANG_WARN_SUSPICIOUS_MOVE = YES;
				CLANG_WARN_UNGUARDED_AVAILABILITY = YES_AGGRESSIVE;
				CLANG_WARN_UNREACHABLE_CODE = YES;
				CLANG_WARN__DUPLICATE_METHOD_MATCH = YES;
				COPY_PHASE_STRIP = NO;
				DEBUG_INFORMATION_FORMAT = dwarf;
				ENABLE_STRICT_OBJC_MSGSEND = YES;
				ENABLE_TESTABILITY = YES;
				GCC_C_LANGUAGE_STANDARD = gnu11;
				GCC_DYNAMIC_NO_PIC = NO;
				GCC_NO_COMMON_BLOCKS = YES;
				GCC_OPTIMIZATION_LEVEL = 0;
				GCC_PREPROCESSOR_DEFINITIONS = (
					"DEBUG=1",
					"$(inherited)",
				);
				GCC_WARN_64_TO_32_BIT_CONVERSION = YES;
				GCC_WARN_ABOUT_RETURN_TYPE = YES_ERROR;
				GCC_WARN_UNDECLARED_SELECTOR = YES;
				GCC_WARN_UNINITIALIZED_AUTOS = YES_AGGRESSIVE;
				GCC_WARN_UNUSED_FUNCTION = YES;
				GCC_WARN_UNUSED_VARIABLE = YES;
				IPHONEOS_DEPLOYMENT_TARGET = 14.2;
				MTL_ENABLE_DEBUG_INFO = INCLUDE_SOURCE;
				MTL_FAST_MATH = YES;
				ONLY_ACTIVE_ARCH = YES;
				SDKROOT = iphoneos;
				SWIFT_ACTIVE_COMPILATION_CONDITIONS = DEBUG;
				SWIFT_OPTIMIZATION_LEVEL = "-Onone";
			};
			name = Debug;
		};
		F2BCDE0325ACAEC10026D83D /* Release */ = {
			isa = XCBuildConfiguration;
			buildSettings = {
				ALWAYS_SEARCH_USER_PATHS = NO;
				CLANG_ANALYZER_NONNULL = YES;
				CLANG_ANALYZER_NUMBER_OBJECT_CONVERSION = YES_AGGRESSIVE;
				CLANG_CXX_LANGUAGE_STANDARD = "gnu++14";
				CLANG_CXX_LIBRARY = "libc++";
				CLANG_ENABLE_MODULES = YES;
				CLANG_ENABLE_OBJC_ARC = YES;
				CLANG_ENABLE_OBJC_WEAK = YES;
				CLANG_WARN_BLOCK_CAPTURE_AUTORELEASING = YES;
				CLANG_WARN_BOOL_CONVERSION = YES;
				CLANG_WARN_COMMA = YES;
				CLANG_WARN_CONSTANT_CONVERSION = YES;
				CLANG_WARN_DEPRECATED_OBJC_IMPLEMENTATIONS = YES;
				CLANG_WARN_DIRECT_OBJC_ISA_USAGE = YES_ERROR;
				CLANG_WARN_DOCUMENTATION_COMMENTS = YES;
				CLANG_WARN_EMPTY_BODY = YES;
				CLANG_WARN_ENUM_CONVERSION = YES;
				CLANG_WARN_INFINITE_RECURSION = YES;
				CLANG_WARN_INT_CONVERSION = YES;
				CLANG_WARN_NON_LITERAL_NULL_CONVERSION = YES;
				CLANG_WARN_OBJC_IMPLICIT_RETAIN_SELF = YES;
				CLANG_WARN_OBJC_LITERAL_CONVERSION = YES;
				CLANG_WARN_OBJC_ROOT_CLASS = YES_ERROR;
				CLANG_WARN_QUOTED_INCLUDE_IN_FRAMEWORK_HEADER = YES;
				CLANG_WARN_RANGE_LOOP_ANALYSIS = YES;
				CLANG_WARN_STRICT_PROTOTYPES = YES;
				CLANG_WARN_SUSPICIOUS_MOVE = YES;
				CLANG_WARN_UNGUARDED_AVAILABILITY = YES_AGGRESSIVE;
				CLANG_WARN_UNREACHABLE_CODE = YES;
				CLANG_WARN__DUPLICATE_METHOD_MATCH = YES;
				COPY_PHASE_STRIP = NO;
				DEBUG_INFORMATION_FORMAT = "dwarf-with-dsym";
				ENABLE_NS_ASSERTIONS = NO;
				ENABLE_STRICT_OBJC_MSGSEND = YES;
				GCC_C_LANGUAGE_STANDARD = gnu11;
				GCC_NO_COMMON_BLOCKS = YES;
				GCC_WARN_64_TO_32_BIT_CONVERSION = YES;
				GCC_WARN_ABOUT_RETURN_TYPE = YES_ERROR;
				GCC_WARN_UNDECLARED_SELECTOR = YES;
				GCC_WARN_UNINITIALIZED_AUTOS = YES_AGGRESSIVE;
				GCC_WARN_UNUSED_FUNCTION = YES;
				GCC_WARN_UNUSED_VARIABLE = YES;
				IPHONEOS_DEPLOYMENT_TARGET = 14.2;
				MTL_ENABLE_DEBUG_INFO = NO;
				MTL_FAST_MATH = YES;
				SDKROOT = iphoneos;
				SWIFT_COMPILATION_MODE = wholemodule;
				SWIFT_OPTIMIZATION_LEVEL = "-O";
				VALIDATE_PRODUCT = YES;
			};
			name = Release;
		};
		F2BCDE0525ACAEC10026D83D /* Debug */ = {
			isa = XCBuildConfiguration;
			buildSettings = {
				ASSETCATALOG_COMPILER_APPICON_NAME = AppIcon;
				ASSETCATALOG_COMPILER_GLOBAL_ACCENT_COLOR_NAME = AccentColor;
				CODE_SIGN_STYLE = Automatic;
				INFOPLIST_FILE = Foto_Alura/Info.plist;
				LD_RUNPATH_SEARCH_PATHS = (
					"$(inherited)",
					"@executable_path/Frameworks",
				);
				PRODUCT_BUNDLE_IDENTIFIER = "br.com.github-bertiGrazi.Foto-Alura";
				PRODUCT_NAME = "$(TARGET_NAME)";
				SWIFT_VERSION = 5.0;
				TARGETED_DEVICE_FAMILY = "1,2";
			};
			name = Debug;
		};
		F2BCDE0625ACAEC10026D83D /* Release */ = {
			isa = XCBuildConfiguration;
			buildSettings = {
				ASSETCATALOG_COMPILER_APPICON_NAME = AppIcon;
				ASSETCATALOG_COMPILER_GLOBAL_ACCENT_COLOR_NAME = AccentColor;
				CODE_SIGN_STYLE = Automatic;
				INFOPLIST_FILE = Foto_Alura/Info.plist;
				LD_RUNPATH_SEARCH_PATHS = (
					"$(inherited)",
					"@executable_path/Frameworks",
				);
				PRODUCT_BUNDLE_IDENTIFIER = "br.com.github-bertiGrazi.Foto-Alura";
				PRODUCT_NAME = "$(TARGET_NAME)";
				SWIFT_VERSION = 5.0;
				TARGETED_DEVICE_FAMILY = "1,2";
			};
			name = Release;
		};
		F2BCDE0825ACAEC10026D83D /* Debug */ = {
			isa = XCBuildConfiguration;
			buildSettings = {
				ALWAYS_EMBED_SWIFT_STANDARD_LIBRARIES = YES;
				BUNDLE_LOADER = "$(TEST_HOST)";
				CODE_SIGN_STYLE = Automatic;
				INFOPLIST_FILE = Foto_AluraTests/Info.plist;
				IPHONEOS_DEPLOYMENT_TARGET = 14.2;
				LD_RUNPATH_SEARCH_PATHS = (
					"$(inherited)",
					"@executable_path/Frameworks",
					"@loader_path/Frameworks",
				);
				PRODUCT_BUNDLE_IDENTIFIER = "br.com.github-bertiGrazi.Foto-AluraTests";
				PRODUCT_NAME = "$(TARGET_NAME)";
				SWIFT_VERSION = 5.0;
				TARGETED_DEVICE_FAMILY = "1,2";
				TEST_HOST = "$(BUILT_PRODUCTS_DIR)/Foto_Alura.app/Foto_Alura";
			};
			name = Debug;
		};
		F2BCDE0925ACAEC10026D83D /* Release */ = {
			isa = XCBuildConfiguration;
			buildSettings = {
				ALWAYS_EMBED_SWIFT_STANDARD_LIBRARIES = YES;
				BUNDLE_LOADER = "$(TEST_HOST)";
				CODE_SIGN_STYLE = Automatic;
				INFOPLIST_FILE = Foto_AluraTests/Info.plist;
				IPHONEOS_DEPLOYMENT_TARGET = 14.2;
				LD_RUNPATH_SEARCH_PATHS = (
					"$(inherited)",
					"@executable_path/Frameworks",
					"@loader_path/Frameworks",
				);
				PRODUCT_BUNDLE_IDENTIFIER = "br.com.github-bertiGrazi.Foto-AluraTests";
				PRODUCT_NAME = "$(TARGET_NAME)";
				SWIFT_VERSION = 5.0;
				TARGETED_DEVICE_FAMILY = "1,2";
				TEST_HOST = "$(BUILT_PRODUCTS_DIR)/Foto_Alura.app/Foto_Alura";
			};
			name = Release;
		};
		F2BCDE0B25ACAEC10026D83D /* Debug */ = {
			isa = XCBuildConfiguration;
			buildSettings = {
				ALWAYS_EMBED_SWIFT_STANDARD_LIBRARIES = YES;
				CODE_SIGN_STYLE = Automatic;
				INFOPLIST_FILE = Foto_AluraUITests/Info.plist;
				LD_RUNPATH_SEARCH_PATHS = (
					"$(inherited)",
					"@executable_path/Frameworks",
					"@loader_path/Frameworks",
				);
				PRODUCT_BUNDLE_IDENTIFIER = "br.com.github-bertiGrazi.Foto-AluraUITests";
				PRODUCT_NAME = "$(TARGET_NAME)";
				SWIFT_VERSION = 5.0;
				TARGETED_DEVICE_FAMILY = "1,2";
				TEST_TARGET_NAME = Foto_Alura;
			};
			name = Debug;
		};
		F2BCDE0C25ACAEC10026D83D /* Release */ = {
			isa = XCBuildConfiguration;
			buildSettings = {
				ALWAYS_EMBED_SWIFT_STANDARD_LIBRARIES = YES;
				CODE_SIGN_STYLE = Automatic;
				INFOPLIST_FILE = Foto_AluraUITests/Info.plist;
				LD_RUNPATH_SEARCH_PATHS = (
					"$(inherited)",
					"@executable_path/Frameworks",
					"@loader_path/Frameworks",
				);
				PRODUCT_BUNDLE_IDENTIFIER = "br.com.github-bertiGrazi.Foto-AluraUITests";
				PRODUCT_NAME = "$(TARGET_NAME)";
				SWIFT_VERSION = 5.0;
				TARGETED_DEVICE_FAMILY = "1,2";
				TEST_TARGET_NAME = Foto_Alura;
			};
			name = Release;
		};
/* End XCBuildConfiguration section */

/* Begin XCConfigurationList section */
		F2BCDDD525ACAEBC0026D83D /* Build configuration list for PBXProject "Foto_Alura" */ = {
			isa = XCConfigurationList;
			buildConfigurations = (
				F2BCDE0225ACAEC10026D83D /* Debug */,
				F2BCDE0325ACAEC10026D83D /* Release */,
			);
			defaultConfigurationIsVisible = 0;
			defaultConfigurationName = Release;
		};
		F2BCDE0425ACAEC10026D83D /* Build configuration list for PBXNativeTarget "Foto_Alura" */ = {
			isa = XCConfigurationList;
			buildConfigurations = (
				F2BCDE0525ACAEC10026D83D /* Debug */,
				F2BCDE0625ACAEC10026D83D /* Release */,
			);
			defaultConfigurationIsVisible = 0;
			defaultConfigurationName = Release;
		};
		F2BCDE0725ACAEC10026D83D /* Build configuration list for PBXNativeTarget "Foto_AluraTests" */ = {
			isa = XCConfigurationList;
			buildConfigurations = (
				F2BCDE0825ACAEC10026D83D /* Debug */,
				F2BCDE0925ACAEC10026D83D /* Release */,
			);
			defaultConfigurationIsVisible = 0;
			defaultConfigurationName = Release;
		};
		F2BCDE0A25ACAEC10026D83D /* Build configuration list for PBXNativeTarget "Foto_AluraUITests" */ = {
			isa = XCConfigurationList;
			buildConfigurations = (
				F2BCDE0B25ACAEC10026D83D /* Debug */,
				F2BCDE0C25ACAEC10026D83D /* Release */,
			);
			defaultConfigurationIsVisible = 0;
			defaultConfigurationName = Release;
		};
/* End XCConfigurationList section */
	};
	rootObject = F2BCDDD225ACAEBC0026D83D /* Project object */;
}
